
Microsoft Visual Studio Solution File, Format Version 12.00
# Visual Studio 15
VisualStudioVersion = 15.0.28307.421
MinimumVisualStudioVersion = 10.0.40219.1
Project("{FAE04EC0-301F-11D3-BF4B-00C04F79EFBC}") = "TodoApi", "TodoApi\TodoApi.csproj", "{00798F0B-1192-4258-B95E-461DF6458E4A}"
EndProject
Global
	GlobalSection(SolutionConfigurationPlatforms) = preSolution
		Debug|Any CPU = Debug|Any CPU
		Release|Any CPU = Release|Any CPU
	EndGlobalSection
	GlobalSection(ProjectConfigurationPlatforms) = postSolution
		{00798F0B-1192-4258-B95E-461DF6458E4A}.Debug|Any CPU.ActiveCfg = Debug|Any CPU
		{00798F0B-1192-4258-B95E-461DF6458E4A}.Debug|Any CPU.Build.0 = Debug|Any CPU
		{00798F0B-1192-4258-B95E-461DF6458E4A}.Release|Any CPU.ActiveCfg = Release|Any CPU
		{00798F0B-1192-4258-B95E-461DF6458E4A}.Release|Any CPU.Build.0 = Release|Any CPU
	EndGlobalSection
	GlobalSection(SolutionProperties) = preSolution
		HideSolutionNode = FALSE
	EndGlobalSection
	GlobalSection(ExtensibilityGlobals) = postSolution
		SolutionGuid = {281BE362-77C4-4EEB-AE07-4B12D4C9AAFC}
	EndGlobalSection
EndGlobal
